
Microsoft Visual Studio Solution File, Format Version 12.00
# Visual Studio Version 17
VisualStudioVersion = 17.9.34723.18
MinimumVisualStudioVersion = 10.0.40219.1
Project("{FAE04EC0-301F-11D3-BF4B-00C04F79EFBC}") = "arrayQueue", "arrayQueue\arrayQueue.csproj", "{5C03692A-5AE2-4C39-87ED-F3A796825674}"
EndProject
Global
	GlobalSection(SolutionConfigurationPlatforms) = preSolution
		Debug|Any CPU = Debug|Any CPU
		Release|Any CPU = Release|Any CPU
	EndGlobalSection
	GlobalSection(ProjectConfigurationPlatforms) = postSolution
		{5C03692A-5AE2-4C39-87ED-F3A796825674}.Debug|Any CPU.ActiveCfg = Debug|Any CPU
		{5C03692A-5AE2-4C39-87ED-F3A796825674}.Debug|Any CPU.Build.0 = Debug|Any CPU
		{5C03692A-5AE2-4C39-87ED-F3A796825674}.Release|Any CPU.ActiveCfg = Release|Any CPU
		{5C03692A-5AE2-4C39-87ED-F3A796825674}.Release|Any CPU.Build.0 = Release|Any CPU
	EndGlobalSection
	GlobalSection(SolutionProperties) = preSolution
		HideSolutionNode = FALSE
	EndGlobalSection
	GlobalSection(ExtensibilityGlobals) = postSolution
		SolutionGuid = {764269F5-72A8-47E1-8102-C375FEEA74D9}
	EndGlobalSection
EndGlobal
